// !$*UTF8*$!
{
	archiveVersion = 1;
	classes = {
	};
	objectVersion = 51;
	objects = {

/* Begin PBXBuildFile section */
		061B59E92362B62B00A9B7C4 /* Main copy.storyboard in Resources */ = {isa = PBXBuildFile; fileRef = 061B59E72362B62B00A9B7C4 /* Main copy.storyboard */; };
		063077BB236861A900F1C2AC /* HomeModel.swift in Sources */ = {isa = PBXBuildFile; fileRef = 063077BA236861A900F1C2AC /* HomeModel.swift */; };
		064014AA238E88B900397349 /* GoogleService-Info.plist in Resources */ = {isa = PBXBuildFile; fileRef = 064014A9238E88B900397349 /* GoogleService-Info.plist */; };
		064014AC238E959200397349 /* BodyPartViewController.swift in Sources */ = {isa = PBXBuildFile; fileRef = 064014AB238E959200397349 /* BodyPartViewController.swift */; };
		064014AE238E964D00397349 /* HeadNeckModel.swift in Sources */ = {isa = PBXBuildFile; fileRef = 064014AD238E964D00397349 /* HeadNeckModel.swift */; };
		064014B0238E967500397349 /* UpperBackMidBackModel.swift in Sources */ = {isa = PBXBuildFile; fileRef = 064014AF238E967500397349 /* UpperBackMidBackModel.swift */; };
		064014B2238E968C00397349 /* LowerBackGlutesModel.swift in Sources */ = {isa = PBXBuildFile; fileRef = 064014B1238E968C00397349 /* LowerBackGlutesModel.swift */; };
		064014B4238E96A500397349 /* ChestShouldersModel.swift in Sources */ = {isa = PBXBuildFile; fileRef = 064014B3238E96A500397349 /* ChestShouldersModel.swift */; };
		064014B6238E96BC00397349 /* HipsAbsObliquesModel.swift in Sources */ = {isa = PBXBuildFile; fileRef = 064014B5238E96BC00397349 /* HipsAbsObliquesModel.swift */; };
		064014B8238E96E400397349 /* UpperLowerLegsModel.swift in Sources */ = {isa = PBXBuildFile; fileRef = 064014B7238E96E400397349 /* UpperLowerLegsModel.swift */; };
		06586975236989F9004D70CE /* TableViewController.swift in Sources */ = {isa = PBXBuildFile; fileRef = 06586974236989F9004D70CE /* TableViewController.swift */; };
		06586977237693CD004D70CE /* TestViewController.swift in Sources */ = {isa = PBXBuildFile; fileRef = 06586976237693CD004D70CE /* TestViewController.swift */; };
		066499572362CB5B004B8999 /* RegisterViewController.swift in Sources */ = {isa = PBXBuildFile; fileRef = 066499562362CB5B004B8999 /* RegisterViewController.swift */; };
		0673DB7223569ABD001F459B /* MediaPlayer.framework in Frameworks */ = {isa = PBXBuildFile; fileRef = 0673DB7123569ABD001F459B /* MediaPlayer.framework */; };
		0673DB7A2356AE67001F459B /* TitleCell.swift in Sources */ = {isa = PBXBuildFile; fileRef = 0673DB792356AE67001F459B /* TitleCell.swift */; };
		0673DC302362B216001F459B /* LoginViewController.swift in Sources */ = {isa = PBXBuildFile; fileRef = 0673DC2F2362B216001F459B /* LoginViewController.swift */; };
		0692824D236813A5006D61B6 /* heliosfont_prototype.ttf in Resources */ = {isa = PBXBuildFile; fileRef = 0692824923681302006D61B6 /* heliosfont_prototype.ttf */; };
		0692825423681500006D61B6 /* ObjectSans-Slanted.otf in Resources */ = {isa = PBXBuildFile; fileRef = 0692824F23681500006D61B6 /* ObjectSans-Slanted.otf */; };
		0692825523681500006D61B6 /* ObjectSans-Regular.otf in Resources */ = {isa = PBXBuildFile; fileRef = 0692825023681500006D61B6 /* ObjectSans-Regular.otf */; };
		0692825623681500006D61B6 /* ObjectSans-Heavy.otf in Resources */ = {isa = PBXBuildFile; fileRef = 0692825123681500006D61B6 /* ObjectSans-Heavy.otf */; };
		0692825723681500006D61B6 /* ObjectSans-HeavySlanted.otf in Resources */ = {isa = PBXBuildFile; fileRef = 0692825223681500006D61B6 /* ObjectSans-HeavySlanted.otf */; };
		0692825823681500006D61B6 /* Personal-license-agreement in Resources */ = {isa = PBXBuildFile; fileRef = 0692825323681500006D61B6 /* Personal-license-agreement */; };
		06F916D22355ABB700D687B7 /* AppDelegate.swift in Sources */ = {isa = PBXBuildFile; fileRef = 06F916D12355ABB700D687B7 /* AppDelegate.swift */; };
		06F916D42355ABB700D687B7 /* ViewController.swift in Sources */ = {isa = PBXBuildFile; fileRef = 06F916D32355ABB700D687B7 /* ViewController.swift */; };
		06F916D92355ABB700D687B7 /* Assets.xcassets in Resources */ = {isa = PBXBuildFile; fileRef = 06F916D82355ABB700D687B7 /* Assets.xcassets */; };
		06F916DC2355ABB700D687B7 /* LaunchScreen.storyboard in Resources */ = {isa = PBXBuildFile; fileRef = 06F916DA2355ABB700D687B7 /* LaunchScreen.storyboard */; };
		06F917022355B02A00D687B7 /* LocationModel.swift in Sources */ = {isa = PBXBuildFile; fileRef = 06F917012355B02A00D687B7 /* LocationModel.swift */; };
		8245245EEE11039B2348E61A /* Pods_naturalliApp.framework in Frameworks */ = {isa = PBXBuildFile; fileRef = 3B361F68B98D9EF1ABB91712 /* Pods_naturalliApp.framework */; };
/* End PBXBuildFile section */

/* Begin PBXContainerItemProxy section */
		06F916E32355ABB700D687B7 /* PBXContainerItemProxy */ = {
			isa = PBXContainerItemProxy;
			containerPortal = 06F916C62355ABB700D687B7 /* Project object */;
			proxyType = 1;
			remoteGlobalIDString = 06F916CD2355ABB700D687B7;
			remoteInfo = fitnessApp;
		};
		06F916EE2355ABB700D687B7 /* PBXContainerItemProxy */ = {
			isa = PBXContainerItemProxy;
			containerPortal = 06F916C62355ABB700D687B7 /* Project object */;
			proxyType = 1;
			remoteGlobalIDString = 06F916CD2355ABB700D687B7;
			remoteInfo = fitnessApp;
		};
/* End PBXContainerItemProxy section */

/* Begin PBXFileReference section */
		061B59E82362B62B00A9B7C4 /* Base */ = {isa = PBXFileReference; lastKnownFileType = file.storyboard; name = Base; path = "../../fitnessApp 2/fitnessApp/Base.lproj/Main copy.storyboard"; sourceTree = "<group>"; };
		063077BA236861A900F1C2AC /* HomeModel.swift */ = {isa = PBXFileReference; lastKnownFileType = sourcecode.swift; path = HomeModel.swift; sourceTree = "<group>"; };
		064014A9238E88B900397349 /* GoogleService-Info.plist */ = {isa = PBXFileReference; fileEncoding = 4; lastKnownFileType = text.plist.xml; path = "GoogleService-Info.plist"; sourceTree = "<group>"; };
		064014AB238E959200397349 /* BodyPartViewController.swift */ = {isa = PBXFileReference; lastKnownFileType = sourcecode.swift; path = BodyPartViewController.swift; sourceTree = "<group>"; };
		064014AD238E964D00397349 /* HeadNeckModel.swift */ = {isa = PBXFileReference; lastKnownFileType = sourcecode.swift; path = HeadNeckModel.swift; sourceTree = "<group>"; };
		064014AF238E967500397349 /* UpperBackMidBackModel.swift */ = {isa = PBXFileReference; lastKnownFileType = sourcecode.swift; path = UpperBackMidBackModel.swift; sourceTree = "<group>"; };
		064014B1238E968C00397349 /* LowerBackGlutesModel.swift */ = {isa = PBXFileReference; lastKnownFileType = sourcecode.swift; path = LowerBackGlutesModel.swift; sourceTree = "<group>"; };
		064014B3238E96A500397349 /* ChestShouldersModel.swift */ = {isa = PBXFileReference; lastKnownFileType = sourcecode.swift; path = ChestShouldersModel.swift; sourceTree = "<group>"; };
		064014B5238E96BC00397349 /* HipsAbsObliquesModel.swift */ = {isa = PBXFileReference; lastKnownFileType = sourcecode.swift; path = HipsAbsObliquesModel.swift; sourceTree = "<group>"; };
		064014B7238E96E400397349 /* UpperLowerLegsModel.swift */ = {isa = PBXFileReference; lastKnownFileType = sourcecode.swift; path = UpperLowerLegsModel.swift; sourceTree = "<group>"; };
		06586974236989F9004D70CE /* TableViewController.swift */ = {isa = PBXFileReference; lastKnownFileType = sourcecode.swift; path = TableViewController.swift; sourceTree = "<group>"; };
		06586976237693CD004D70CE /* TestViewController.swift */ = {isa = PBXFileReference; lastKnownFileType = sourcecode.swift; path = TestViewController.swift; sourceTree = "<group>"; };
		066499562362CB5B004B8999 /* RegisterViewController.swift */ = {isa = PBXFileReference; lastKnownFileType = sourcecode.swift; path = RegisterViewController.swift; sourceTree = "<group>"; };
		0673DB7123569ABD001F459B /* MediaPlayer.framework */ = {isa = PBXFileReference; lastKnownFileType = wrapper.framework; name = MediaPlayer.framework; path = System/Library/Frameworks/MediaPlayer.framework; sourceTree = SDKROOT; };
		0673DB792356AE67001F459B /* TitleCell.swift */ = {isa = PBXFileReference; lastKnownFileType = sourcecode.swift; path = TitleCell.swift; sourceTree = "<group>"; };
		0673DC2F2362B216001F459B /* LoginViewController.swift */ = {isa = PBXFileReference; fileEncoding = 4; lastKnownFileType = sourcecode.swift; path = LoginViewController.swift; sourceTree = "<group>"; };
		0692824923681302006D61B6 /* heliosfont_prototype.ttf */ = {isa = PBXFileReference; lastKnownFileType = file; path = heliosfont_prototype.ttf; sourceTree = "<group>"; };
		0692824F23681500006D61B6 /* ObjectSans-Slanted.otf */ = {isa = PBXFileReference; lastKnownFileType = file; path = "ObjectSans-Slanted.otf"; sourceTree = "<group>"; };
		0692825023681500006D61B6 /* ObjectSans-Regular.otf */ = {isa = PBXFileReference; lastKnownFileType = file; path = "ObjectSans-Regular.otf"; sourceTree = "<group>"; };
		0692825123681500006D61B6 /* ObjectSans-Heavy.otf */ = {isa = PBXFileReference; lastKnownFileType = file; path = "ObjectSans-Heavy.otf"; sourceTree = "<group>"; };
		0692825223681500006D61B6 /* ObjectSans-HeavySlanted.otf */ = {isa = PBXFileReference; lastKnownFileType = file; path = "ObjectSans-HeavySlanted.otf"; sourceTree = "<group>"; };
		0692825323681500006D61B6 /* Personal-license-agreement */ = {isa = PBXFileReference; fileEncoding = 4; lastKnownFileType = text; path = "Personal-license-agreement"; sourceTree = "<group>"; };
		06F916CE2355ABB700D687B7 /* naturalliApp.app */ = {isa = PBXFileReference; explicitFileType = wrapper.application; includeInIndex = 0; path = naturalliApp.app; sourceTree = BUILT_PRODUCTS_DIR; };
		06F916D12355ABB700D687B7 /* AppDelegate.swift */ = {isa = PBXFileReference; lastKnownFileType = sourcecode.swift; path = AppDelegate.swift; sourceTree = "<group>"; };
		06F916D32355ABB700D687B7 /* ViewController.swift */ = {isa = PBXFileReference; lastKnownFileType = sourcecode.swift; path = ViewController.swift; sourceTree = "<group>"; };
		06F916D82355ABB700D687B7 /* Assets.xcassets */ = {isa = PBXFileReference; lastKnownFileType = folder.assetcatalog; path = Assets.xcassets; sourceTree = "<group>"; };
		06F916DB2355ABB700D687B7 /* Base */ = {isa = PBXFileReference; lastKnownFileType = file.storyboard; name = Base; path = Base.lproj/LaunchScreen.storyboard; sourceTree = "<group>"; };
		06F916DD2355ABB700D687B7 /* Info.plist */ = {isa = PBXFileReference; lastKnownFileType = text.plist.xml; path = Info.plist; sourceTree = "<group>"; };
		06F916E22355ABB700D687B7 /* naturalliAppTests.xctest */ = {isa = PBXFileReference; explicitFileType = wrapper.cfbundle; includeInIndex = 0; path = naturalliAppTests.xctest; sourceTree = BUILT_PRODUCTS_DIR; };
		06F916ED2355ABB700D687B7 /* naturalliAppUITests.xctest */ = {isa = PBXFileReference; explicitFileType = wrapper.cfbundle; includeInIndex = 0; path = naturalliAppUITests.xctest; sourceTree = BUILT_PRODUCTS_DIR; };
		06F917012355B02A00D687B7 /* LocationModel.swift */ = {isa = PBXFileReference; lastKnownFileType = sourcecode.swift; path = LocationModel.swift; sourceTree = "<group>"; };
		2A488D669C17A36A42A32AD4 /* Pods-naturalliApp.debug.xcconfig */ = {isa = PBXFileReference; includeInIndex = 1; lastKnownFileType = text.xcconfig; name = "Pods-naturalliApp.debug.xcconfig"; path = "Target Support Files/Pods-naturalliApp/Pods-naturalliApp.debug.xcconfig"; sourceTree = "<group>"; };
		3B361F68B98D9EF1ABB91712 /* Pods_naturalliApp.framework */ = {isa = PBXFileReference; explicitFileType = wrapper.framework; includeInIndex = 0; path = Pods_naturalliApp.framework; sourceTree = BUILT_PRODUCTS_DIR; };
		8D64F1908CA15C71A35514B6 /* Pods-fitnessApp.release.xcconfig */ = {isa = PBXFileReference; includeInIndex = 1; lastKnownFileType = text.xcconfig; name = "Pods-fitnessApp.release.xcconfig"; path = "Target Support Files/Pods-fitnessApp/Pods-fitnessApp.release.xcconfig"; sourceTree = "<group>"; };
		BA499480536766129D9F5C2C /* Pods-fitnessApp.debug.xcconfig */ = {isa = PBXFileReference; includeInIndex = 1; lastKnownFileType = text.xcconfig; name = "Pods-fitnessApp.debug.xcconfig"; path = "Target Support Files/Pods-fitnessApp/Pods-fitnessApp.debug.xcconfig"; sourceTree = "<group>"; };
		BAC87237E971110115BBB17A /* Pods-naturalliApp.release.xcconfig */ = {isa = PBXFileReference; includeInIndex = 1; lastKnownFileType = text.xcconfig; name = "Pods-naturalliApp.release.xcconfig"; path = "Target Support Files/Pods-naturalliApp/Pods-naturalliApp.release.xcconfig"; sourceTree = "<group>"; };
/* End PBXFileReference section */

/* Begin PBXFrameworksBuildPhase section */
		06F916CB2355ABB700D687B7 /* Frameworks */ = {
			isa = PBXFrameworksBuildPhase;
			buildActionMask = 2147483647;
			files = (
				0673DB7223569ABD001F459B /* MediaPlayer.framework in Frameworks */,
				8245245EEE11039B2348E61A /* Pods_naturalliApp.framework in Frameworks */,
			);
			runOnlyForDeploymentPostprocessing = 0;
		};
		06F916DF2355ABB700D687B7 /* Frameworks */ = {
			isa = PBXFrameworksBuildPhase;
			buildActionMask = 2147483647;
			files = (
			);
			runOnlyForDeploymentPostprocessing = 0;
		};
		06F916EA2355ABB700D687B7 /* Frameworks */ = {
			isa = PBXFrameworksBuildPhase;
			buildActionMask = 2147483647;
			files = (
			);
			runOnlyForDeploymentPostprocessing = 0;
		};
/* End PBXFrameworksBuildPhase section */

/* Begin PBXGroup section */
		0673DB7023569ABD001F459B /* Frameworks */ = {
			isa = PBXGroup;
			children = (
				0673DB7123569ABD001F459B /* MediaPlayer.framework */,
				3B361F68B98D9EF1ABB91712 /* Pods_naturalliApp.framework */,
			);
			name = Frameworks;
			sourceTree = "<group>";
		};
		0692824823681302006D61B6 /* helios */ = {
			isa = PBXGroup;
			children = (
				0692824923681302006D61B6 /* heliosfont_prototype.ttf */,
			);
			path = helios;
			sourceTree = SOURCE_ROOT;
		};
		0692824E23681500006D61B6 /* Object Sans */ = {
			isa = PBXGroup;
			children = (
				0692824F23681500006D61B6 /* ObjectSans-Slanted.otf */,
				0692825023681500006D61B6 /* ObjectSans-Regular.otf */,
				0692825123681500006D61B6 /* ObjectSans-Heavy.otf */,
				0692825223681500006D61B6 /* ObjectSans-HeavySlanted.otf */,
				0692825323681500006D61B6 /* Personal-license-agreement */,
			);
			path = "Object Sans";
			sourceTree = SOURCE_ROOT;
		};
		06F916C52355ABB700D687B7 = {
			isa = PBXGroup;
			children = (
				06F916D02355ABB700D687B7 /* naturalliApp */,
				06F916CF2355ABB700D687B7 /* Products */,
				0673DB7023569ABD001F459B /* Frameworks */,
				829183124C5444E9FD45C82D /* Pods */,
			);
			sourceTree = "<group>";
		};
		06F916CF2355ABB700D687B7 /* Products */ = {
			isa = PBXGroup;
			children = (
				06F916CE2355ABB700D687B7 /* naturalliApp.app */,
				06F916E22355ABB700D687B7 /* naturalliAppTests.xctest */,
				06F916ED2355ABB700D687B7 /* naturalliAppUITests.xctest */,
			);
			name = Products;
			sourceTree = "<group>";
		};
		06F916D02355ABB700D687B7 /* naturalliApp */ = {
			isa = PBXGroup;
			children = (
				0673DC2F2362B216001F459B /* LoginViewController.swift */,
				06F916D12355ABB700D687B7 /* AppDelegate.swift */,
				06F916D32355ABB700D687B7 /* ViewController.swift */,
				06F916D82355ABB700D687B7 /* Assets.xcassets */,
				061B59E72362B62B00A9B7C4 /* Main copy.storyboard */,
				06F916DA2355ABB700D687B7 /* LaunchScreen.storyboard */,
				06F916DD2355ABB700D687B7 /* Info.plist */,
				063077BA236861A900F1C2AC /* HomeModel.swift */,
				064014AD238E964D00397349 /* HeadNeckModel.swift */,
				064014AF238E967500397349 /* UpperBackMidBackModel.swift */,
				064014B1238E968C00397349 /* LowerBackGlutesModel.swift */,
				064014B3238E96A500397349 /* ChestShouldersModel.swift */,
				064014B5238E96BC00397349 /* HipsAbsObliquesModel.swift */,
				064014B7238E96E400397349 /* UpperLowerLegsModel.swift */,
				06F917012355B02A00D687B7 /* LocationModel.swift */,
				0673DB792356AE67001F459B /* TitleCell.swift */,
				066499562362CB5B004B8999 /* RegisterViewController.swift */,
				06586974236989F9004D70CE /* TableViewController.swift */,
				06586976237693CD004D70CE /* TestViewController.swift */,
				064014AB238E959200397349 /* BodyPartViewController.swift */,
				064014A9238E88B900397349 /* GoogleService-Info.plist */,
				0692824E23681500006D61B6 /* Object Sans */,
				0692824823681302006D61B6 /* helios */,
			);
			path = naturalliApp;
			sourceTree = "<group>";
		};
		829183124C5444E9FD45C82D /* Pods */ = {
			isa = PBXGroup;
			children = (
				BA499480536766129D9F5C2C /* Pods-fitnessApp.debug.xcconfig */,
				8D64F1908CA15C71A35514B6 /* Pods-fitnessApp.release.xcconfig */,
				2A488D669C17A36A42A32AD4 /* Pods-naturalliApp.debug.xcconfig */,
				BAC87237E971110115BBB17A /* Pods-naturalliApp.release.xcconfig */,
			);
			path = Pods;
			sourceTree = "<group>";
		};
/* End PBXGroup section */

/* Begin PBXNativeTarget section */
		06F916CD2355ABB700D687B7 /* naturalliApp */ = {
			isa = PBXNativeTarget;
			buildConfigurationList = 06F916F62355ABB700D687B7 /* Build configuration list for PBXNativeTarget "naturalliApp" */;
			buildPhases = (
				846F1075F2A5D176F5E26C7F /* [CP] Check Pods Manifest.lock */,
				06F916CA2355ABB700D687B7 /* Sources */,
				06F916CB2355ABB700D687B7 /* Frameworks */,
				06F916CC2355ABB700D687B7 /* Resources */,
				70AA42AD719B4DC6453EBA6B /* [CP] Embed Pods Frameworks */,
			);
			buildRules = (
			);
			dependencies = (
			);
			name = naturalliApp;
			productName = fitnessApp;
			productReference = 06F916CE2355ABB700D687B7 /* naturalliApp.app */;
			productType = "com.apple.product-type.application";
		};
		06F916E12355ABB700D687B7 /* naturalliAppTests */ = {
			isa = PBXNativeTarget;
			buildConfigurationList = 06F916F92355ABB700D687B7 /* Build configuration list for PBXNativeTarget "naturalliAppTests" */;
			buildPhases = (
				06F916DE2355ABB700D687B7 /* Sources */,
				06F916DF2355ABB700D687B7 /* Frameworks */,
				06F916E02355ABB700D687B7 /* Resources */,
			);
			buildRules = (
			);
			dependencies = (
				06F916E42355ABB700D687B7 /* PBXTargetDependency */,
			);
			name = naturalliAppTests;
			productName = fitnessAppTests;
			productReference = 06F916E22355ABB700D687B7 /* naturalliAppTests.xctest */;
			productType = "com.apple.product-type.bundle.unit-test";
		};
		06F916EC2355ABB700D687B7 /* naturalliAppUITests */ = {
			isa = PBXNativeTarget;
			buildConfigurationList = 06F916FC2355ABB700D687B7 /* Build configuration list for PBXNativeTarget "naturalliAppUITests" */;
			buildPhases = (
				06F916E92355ABB700D687B7 /* Sources */,
				06F916EA2355ABB700D687B7 /* Frameworks */,
				06F916EB2355ABB700D687B7 /* Resources */,
			);
			buildRules = (
			);
			dependencies = (
				06F916EF2355ABB700D687B7 /* PBXTargetDependency */,
			);
			name = naturalliAppUITests;
			productName = fitnessAppUITests;
			productReference = 06F916ED2355ABB700D687B7 /* naturalliAppUITests.xctest */;
			productType = "com.apple.product-type.bundle.ui-testing";
		};
/* End PBXNativeTarget section */

/* Begin PBXProject section */
		06F916C62355ABB700D687B7 /* Project object */ = {
			isa = PBXProject;
			attributes = {
				LastSwiftUpdateCheck = 1010;
				LastUpgradeCheck = 1010;
				ORGANIZATIONNAME = "Ryan Raitz";
				TargetAttributes = {
					06F916CD2355ABB700D687B7 = {
						CreatedOnToolsVersion = 10.1;
					};
					06F916E12355ABB700D687B7 = {
						CreatedOnToolsVersion = 10.1;
						TestTargetID = 06F916CD2355ABB700D687B7;
					};
					06F916EC2355ABB700D687B7 = {
						CreatedOnToolsVersion = 10.1;
						TestTargetID = 06F916CD2355ABB700D687B7;
					};
				};
			};
			buildConfigurationList = 06F916C92355ABB700D687B7 /* Build configuration list for PBXProject "naturalliApp" */;
			compatibilityVersion = "Xcode 9.3";
			developmentRegion = en;
			hasScannedForEncodings = 0;
			knownRegions = (
				en,
				Base,
			);
			mainGroup = 06F916C52355ABB700D687B7;
			productRefGroup = 06F916CF2355ABB700D687B7 /* Products */;
			projectDirPath = "";
			projectRoot = "";
			targets = (
				06F916CD2355ABB700D687B7 /* naturalliApp */,
				06F916E12355ABB700D687B7 /* naturalliAppTests */,
				06F916EC2355ABB700D687B7 /* naturalliAppUITests */,
			);
		};
/* End PBXProject section */

/* Begin PBXResourcesBuildPhase section */
		06F916CC2355ABB700D687B7 /* Resources */ = {
			isa = PBXResourcesBuildPhase;
			buildActionMask = 2147483647;
			files = (
				064014AA238E88B900397349 /* GoogleService-Info.plist in Resources */,
				0692824D236813A5006D61B6 /* heliosfont_prototype.ttf in Resources */,
				0692825523681500006D61B6 /* ObjectSans-Regular.otf in Resources */,
				0692825723681500006D61B6 /* ObjectSans-HeavySlanted.otf in Resources */,
				0692825423681500006D61B6 /* ObjectSans-Slanted.otf in Resources */,
				061B59E92362B62B00A9B7C4 /* Main copy.storyboard in Resources */,
				0692825623681500006D61B6 /* ObjectSans-Heavy.otf in Resources */,
				0692825823681500006D61B6 /* Personal-license-agreement in Resources */,
				06F916DC2355ABB700D687B7 /* LaunchScreen.storyboard in Resources */,
				06F916D92355ABB700D687B7 /* Assets.xcassets in Resources */,
			);
			runOnlyForDeploymentPostprocessing = 0;
		};
		06F916E02355ABB700D687B7 /* Resources */ = {
			isa = PBXResourcesBuildPhase;
			buildActionMask = 2147483647;
			files = (
			);
			runOnlyForDeploymentPostprocessing = 0;
		};
		06F916EB2355ABB700D687B7 /* Resources */ = {
			isa = PBXResourcesBuildPhase;
			buildActionMask = 2147483647;
			files = (
			);
			runOnlyForDeploymentPostprocessing = 0;
		};
/* End PBXResourcesBuildPhase section */

/* Begin PBXShellScriptBuildPhase section */
		70AA42AD719B4DC6453EBA6B /* [CP] Embed Pods Frameworks */ = {
			isa = PBXShellScriptBuildPhase;
			buildActionMask = 2147483647;
			files = (
			);
			inputFileListPaths = (
				"${PODS_ROOT}/Target Support Files/Pods-naturalliApp/Pods-naturalliApp-frameworks-${CONFIGURATION}-input-files.xcfilelist",
			);
			name = "[CP] Embed Pods Frameworks";
			outputFileListPaths = (
				"${PODS_ROOT}/Target Support Files/Pods-naturalliApp/Pods-naturalliApp-frameworks-${CONFIGURATION}-output-files.xcfilelist",
			);
			runOnlyForDeploymentPostprocessing = 0;
			shellPath = /bin/sh;
			shellScript = "\"${PODS_ROOT}/Target Support Files/Pods-naturalliApp/Pods-naturalliApp-frameworks.sh\"\n";
			showEnvVarsInLog = 0;
		};
		846F1075F2A5D176F5E26C7F /* [CP] Check Pods Manifest.lock */ = {
			isa = PBXShellScriptBuildPhase;
			buildActionMask = 2147483647;
			files = (
			);
			inputFileListPaths = (
			);
			inputPaths = (
				"${PODS_PODFILE_DIR_PATH}/Podfile.lock",
				"${PODS_ROOT}/Manifest.lock",
			);
			name = "[CP] Check Pods Manifest.lock";
			outputFileListPaths = (
			);
			outputPaths = (
				"$(DERIVED_FILE_DIR)/Pods-naturalliApp-checkManifestLockResult.txt",
			);
			runOnlyForDeploymentPostprocessing = 0;
			shellPath = /bin/sh;
			shellScript = "diff \"${PODS_PODFILE_DIR_PATH}/Podfile.lock\" \"${PODS_ROOT}/Manifest.lock\" > /dev/null\nif [ $? != 0 ] ; then\n    # print error to STDERR\n    echo \"error: The sandbox is not in sync with the Podfile.lock. Run 'pod install' or update your CocoaPods installation.\" >&2\n    exit 1\nfi\n# This output is used by Xcode 'outputs' to avoid re-running this script phase.\necho \"SUCCESS\" > \"${SCRIPT_OUTPUT_FILE_0}\"\n";
			showEnvVarsInLog = 0;
		};
/* End PBXShellScriptBuildPhase section */

/* Begin PBXSourcesBuildPhase section */
		06F916CA2355ABB700D687B7 /* Sources */ = {
			isa = PBXSourcesBuildPhase;
			buildActionMask = 2147483647;
			files = (
				0673DC302362B216001F459B /* LoginViewController.swift in Sources */,
				064014AE238E964D00397349 /* HeadNeckModel.swift in Sources */,
				0673DB7A2356AE67001F459B /* TitleCell.swift in Sources */,
				06586977237693CD004D70CE /* TestViewController.swift in Sources */,
				06F917022355B02A00D687B7 /* LocationModel.swift in Sources */,
				064014B8238E96E400397349 /* UpperLowerLegsModel.swift in Sources */,
				064014B4238E96A500397349 /* ChestShouldersModel.swift in Sources */,
				064014B2238E968C00397349 /* LowerBackGlutesModel.swift in Sources */,
				066499572362CB5B004B8999 /* RegisterViewController.swift in Sources */,
				06F916D42355ABB700D687B7 /* ViewController.swift in Sources */,
				064014B0238E967500397349 /* UpperBackMidBackModel.swift in Sources */,
				064014B6238E96BC00397349 /* HipsAbsObliquesModel.swift in Sources */,
				063077BB236861A900F1C2AC /* HomeModel.swift in Sources */,
				064014AC238E959200397349 /* BodyPartViewController.swift in Sources */,
				06586975236989F9004D70CE /* TableViewController.swift in Sources */,
				06F916D22355ABB700D687B7 /* AppDelegate.swift in Sources */,
			);
			runOnlyForDeploymentPostprocessing = 0;
		};
		06F916DE2355ABB700D687B7 /* Sources */ = {
			isa = PBXSourcesBuildPhase;
			buildActionMask = 2147483647;
			files = (
			);
			runOnlyForDeploymentPostprocessing = 0;
		};
		06F916E92355ABB700D687B7 /* Sources */ = {
			isa = PBXSourcesBuildPhase;
			buildActionMask = 2147483647;
			files = (
			);
			runOnlyForDeploymentPostprocessing = 0;
		};
/* End PBXSourcesBuildPhase section */

/* Begin PBXTargetDependency section */
		06F916E42355ABB700D687B7 /* PBXTargetDependency */ = {
			isa = PBXTargetDependency;
			target = 06F916CD2355ABB700D687B7 /* naturalliApp */;
			targetProxy = 06F916E32355ABB700D687B7 /* PBXContainerItemProxy */;
		};
		06F916EF2355ABB700D687B7 /* PBXTargetDependency */ = {
			isa = PBXTargetDependency;
			target = 06F916CD2355ABB700D687B7 /* naturalliApp */;
			targetProxy = 06F916EE2355ABB700D687B7 /* PBXContainerItemProxy */;
		};
/* End PBXTargetDependency section */

/* Begin PBXVariantGroup section */
		061B59E72362B62B00A9B7C4 /* Main copy.storyboard */ = {
			isa = PBXVariantGroup;
			children = (
				061B59E82362B62B00A9B7C4 /* Base */,
			);
			name = "Main copy.storyboard";
			sourceTree = "<group>";
		};
		06F916DA2355ABB700D687B7 /* LaunchScreen.storyboard */ = {
			isa = PBXVariantGroup;
			children = (
				06F916DB2355ABB700D687B7 /* Base */,
			);
			name = LaunchScreen.storyboard;
			sourceTree = "<group>";
		};
/* End PBXVariantGroup section */

/* Begin XCBuildConfiguration section */
		06F916F42355ABB700D687B7 /* Debug */ = {
			isa = XCBuildConfiguration;
			buildSettings = {
				ALWAYS_SEARCH_USER_PATHS = NO;
				CLANG_ANALYZER_NONNULL = YES;
				CLANG_ANALYZER_NUMBER_OBJECT_CONVERSION = YES_AGGRESSIVE;
				CLANG_CXX_LANGUAGE_STANDARD = "gnu++14";
				CLANG_CXX_LIBRARY = "libc++";
				CLANG_ENABLE_MODULES = YES;
				CLANG_ENABLE_OBJC_ARC = YES;
				CLANG_ENABLE_OBJC_WEAK = YES;
				CLANG_WARN_BLOCK_CAPTURE_AUTORELEASING = YES;
				CLANG_WARN_BOOL_CONVERSION = YES;
				CLANG_WARN_COMMA = YES;
				CLANG_WARN_CONSTANT_CONVERSION = YES;
				CLANG_WARN_DEPRECATED_OBJC_IMPLEMENTATIONS = YES;
				CLANG_WARN_DIRECT_OBJC_ISA_USAGE = YES_ERROR;
				CLANG_WARN_DOCUMENTATION_COMMENTS = YES;
				CLANG_WARN_EMPTY_BODY = YES;
				CLANG_WARN_ENUM_CONVERSION = YES;
				CLANG_WARN_INFINITE_RECURSION = YES;
				CLANG_WARN_INT_CONVERSION = YES;
				CLANG_WARN_NON_LITERAL_NULL_CONVERSION = YES;
				CLANG_WARN_OBJC_IMPLICIT_RETAIN_SELF = YES;
				CLANG_WARN_OBJC_LITERAL_CONVERSION = YES;
				CLANG_WARN_OBJC_ROOT_CLASS = YES_ERROR;
				CLANG_WARN_RANGE_LOOP_ANALYSIS = YES;
				CLANG_WARN_STRICT_PROTOTYPES = YES;
				CLANG_WARN_SUSPICIOUS_MOVE = YES;
				CLANG_WARN_UNGUARDED_AVAILABILITY = YES_AGGRESSIVE;
				CLANG_WARN_UNREACHABLE_CODE = YES;
				CLANG_WARN__DUPLICATE_METHOD_MATCH = YES;
				CODE_SIGN_IDENTITY = "iPhone Developer";
				COPY_PHASE_STRIP = NO;
				DEBUG_INFORMATION_FORMAT = dwarf;
				ENABLE_STRICT_OBJC_MSGSEND = YES;
				ENABLE_TESTABILITY = YES;
				GCC_C_LANGUAGE_STANDARD = gnu11;
				GCC_DYNAMIC_NO_PIC = NO;
				GCC_NO_COMMON_BLOCKS = YES;
				GCC_OPTIMIZATION_LEVEL = 0;
				GCC_PREPROCESSOR_DEFINITIONS = (
					"DEBUG=1",
					"$(inherited)",
				);
				GCC_WARN_64_TO_32_BIT_CONVERSION = YES;
				GCC_WARN_ABOUT_RETURN_TYPE = YES_ERROR;
				GCC_WARN_UNDECLARED_SELECTOR = YES;
				GCC_WARN_UNINITIALIZED_AUTOS = YES_AGGRESSIVE;
				GCC_WARN_UNUSED_FUNCTION = YES;
				GCC_WARN_UNUSED_VARIABLE = YES;
				IPHONEOS_DEPLOYMENT_TARGET = 12.1;
				MTL_ENABLE_DEBUG_INFO = INCLUDE_SOURCE;
				MTL_FAST_MATH = YES;
				ONLY_ACTIVE_ARCH = YES;
				SDKROOT = iphoneos;
				SWIFT_ACTIVE_COMPILATION_CONDITIONS = DEBUG;
				SWIFT_OPTIMIZATION_LEVEL = "-Onone";
			};
			name = Debug;
		};
		06F916F52355ABB700D687B7 /* Release */ = {
			isa = XCBuildConfiguration;
			buildSettings = {
				ALWAYS_SEARCH_USER_PATHS = NO;
				CLANG_ANALYZER_NONNULL = YES;
				CLANG_ANALYZER_NUMBER_OBJECT_CONVERSION = YES_AGGRESSIVE;
				CLANG_CXX_LANGUAGE_STANDARD = "gnu++14";
				CLANG_CXX_LIBRARY = "libc++";
				CLANG_ENABLE_MODULES = YES;
				CLANG_ENABLE_OBJC_ARC = YES;
				CLANG_ENABLE_OBJC_WEAK = YES;
				CLANG_WARN_BLOCK_CAPTURE_AUTORELEASING = YES;
				CLANG_WARN_BOOL_CONVERSION = YES;
				CLANG_WARN_COMMA = YES;
				CLANG_WARN_CONSTANT_CONVERSION = YES;
				CLANG_WARN_DEPRECATED_OBJC_IMPLEMENTATIONS = YES;
				CLANG_WARN_DIRECT_OBJC_ISA_USAGE = YES_ERROR;
				CLANG_WARN_DOCUMENTATION_COMMENTS = YES;
				CLANG_WARN_EMPTY_BODY = YES;
				CLANG_WARN_ENUM_CONVERSION = YES;
				CLANG_WARN_INFINITE_RECURSION = YES;
				CLANG_WARN_INT_CONVERSION = YES;
				CLANG_WARN_NON_LITERAL_NULL_CONVERSION = YES;
				CLANG_WARN_OBJC_IMPLICIT_RETAIN_SELF = YES;
				CLANG_WARN_OBJC_LITERAL_CONVERSION = YES;
				CLANG_WARN_OBJC_ROOT_CLASS = YES_ERROR;
				CLANG_WARN_RANGE_LOOP_ANALYSIS = YES;
				CLANG_WARN_STRICT_PROTOTYPES = YES;
				CLANG_WARN_SUSPICIOUS_MOVE = YES;
				CLANG_WARN_UNGUARDED_AVAILABILITY = YES_AGGRESSIVE;
				CLANG_WARN_UNREACHABLE_CODE = YES;
				CLANG_WARN__DUPLICATE_METHOD_MATCH = YES;
				CODE_SIGN_IDENTITY = "iPhone Developer";
				COPY_PHASE_STRIP = NO;
				DEBUG_INFORMATION_FORMAT = "dwarf-with-dsym";
				ENABLE_NS_ASSERTIONS = NO;
				ENABLE_STRICT_OBJC_MSGSEND = YES;
				GCC_C_LANGUAGE_STANDARD = gnu11;
				GCC_NO_COMMON_BLOCKS = YES;
				GCC_WARN_64_TO_32_BIT_CONVERSION = YES;
				GCC_WARN_ABOUT_RETURN_TYPE = YES_ERROR;
				GCC_WARN_UNDECLARED_SELECTOR = YES;
				GCC_WARN_UNINITIALIZED_AUTOS = YES_AGGRESSIVE;
				GCC_WARN_UNUSED_FUNCTION = YES;
				GCC_WARN_UNUSED_VARIABLE = YES;
				IPHONEOS_DEPLOYMENT_TARGET = 12.1;
				MTL_ENABLE_DEBUG_INFO = NO;
				MTL_FAST_MATH = YES;
				SDKROOT = iphoneos;
				SWIFT_COMPILATION_MODE = wholemodule;
				SWIFT_OPTIMIZATION_LEVEL = "-O";
				VALIDATE_PRODUCT = YES;
			};
			name = Release;
		};
		06F916F72355ABB700D687B7 /* Debug */ = {
			isa = XCBuildConfiguration;
			baseConfigurationReference = 2A488D669C17A36A42A32AD4 /* Pods-naturalliApp.debug.xcconfig */;
			buildSettings = {
				ASSETCATALOG_COMPILER_APPICON_NAME = AppIcon;
				CODE_SIGN_STYLE = Automatic;
				INFOPLIST_FILE = "$(SRCROOT)/naturalliApp/Info.plist";
				LD_RUNPATH_SEARCH_PATHS = (
					"$(inherited)",
					"@executable_path/Frameworks",
				);
				PRODUCT_BUNDLE_IDENTIFIER = Raitz.naturalliApp;
				PRODUCT_NAME = naturalliApp;
				SWIFT_VERSION = 4.2;
				TARGETED_DEVICE_FAMILY = "1,2";
			};
			name = Debug;
		};
		06F916F82355ABB700D687B7 /* Release */ = {
			isa = XCBuildConfiguration;
			baseConfigurationReference = BAC87237E971110115BBB17A /* Pods-naturalliApp.release.xcconfig */;
			buildSettings = {
				ASSETCATALOG_COMPILER_APPICON_NAME = AppIcon;
				CODE_SIGN_STYLE = Automatic;
				INFOPLIST_FILE = "$(SRCROOT)/naturalliApp/Info.plist";
				LD_RUNPATH_SEARCH_PATHS = (
					"$(inherited)",
					"@executable_path/Frameworks",
				);
				PRODUCT_BUNDLE_IDENTIFIER = Raitz.naturalliApp;
				PRODUCT_NAME = naturalliApp;
				SWIFT_VERSION = 4.2;
				TARGETED_DEVICE_FAMILY = "1,2";
			};
			name = Release;
		};
		06F916FA2355ABB700D687B7 /* Debug */ = {
			isa = XCBuildConfiguration;
			buildSettings = {
				ALWAYS_EMBED_SWIFT_STANDARD_LIBRARIES = YES;
				BUNDLE_LOADER = "$(TEST_HOST)";
				CODE_SIGN_STYLE = Automatic;
				INFOPLIST_FILE = fitnessAppTests/Info.plist;
				LD_RUNPATH_SEARCH_PATHS = (
					"$(inherited)",
					"@executable_path/Frameworks",
					"@loader_path/Frameworks",
				);
				PRODUCT_BUNDLE_IDENTIFIER = Raitz.fitnessAppTests;
				PRODUCT_NAME = "$(TARGET_NAME)";
				SWIFT_VERSION = 4.2;
				TARGETED_DEVICE_FAMILY = "1,2";
				TEST_HOST = "$(BUILT_PRODUCTS_DIR)/naturalliApp.app/naturalliApp";
			};
			name = Debug;
		};
		06F916FB2355ABB700D687B7 /* Release */ = {
			isa = XCBuildConfiguration;
			buildSettings = {
				ALWAYS_EMBED_SWIFT_STANDARD_LIBRARIES = YES;
				BUNDLE_LOADER = "$(TEST_HOST)";
				CODE_SIGN_STYLE = Automatic;
				INFOPLIST_FILE = fitnessAppTests/Info.plist;
				LD_RUNPATH_SEARCH_PATHS = (
					"$(inherited)",
					"@executable_path/Frameworks",
					"@loader_path/Frameworks",
				);
				PRODUCT_BUNDLE_IDENTIFIER = Raitz.fitnessAppTests;
				PRODUCT_NAME = "$(TARGET_NAME)";
				SWIFT_VERSION = 4.2;
				TARGETED_DEVICE_FAMILY = "1,2";
				TEST_HOST = "$(BUILT_PRODUCTS_DIR)/naturalliApp.app/naturalliApp";
			};
			name = Release;
		};
		06F916FD2355ABB700D687B7 /* Debug */ = {
			isa = XCBuildConfiguration;
			buildSettings = {
				ALWAYS_EMBED_SWIFT_STANDARD_LIBRARIES = YES;
				CODE_SIGN_STYLE = Automatic;
				INFOPLIST_FILE = fitnessAppUITests/Info.plist;
				LD_RUNPATH_SEARCH_PATHS = (
					"$(inherited)",
					"@executable_path/Frameworks",
					"@loader_path/Frameworks",
				);
				PRODUCT_BUNDLE_IDENTIFIER = Raitz.fitnessAppUITests;
				PRODUCT_NAME = "$(TARGET_NAME)";
				SWIFT_VERSION = 4.2;
				TARGETED_DEVICE_FAMILY = "1,2";
				TEST_TARGET_NAME = fitnessApp;
			};
			name = Debug;
		};
		06F916FE2355ABB700D687B7 /* Release */ = {
			isa = XCBuildConfiguration;
			buildSettings = {
				ALWAYS_EMBED_SWIFT_STANDARD_LIBRARIES = YES;
				CODE_SIGN_STYLE = Automatic;
				INFOPLIST_FILE = fitnessAppUITests/Info.plist;
				LD_RUNPATH_SEARCH_PATHS = (
					"$(inherited)",
					"@executable_path/Frameworks",
					"@loader_path/Frameworks",
				);
				PRODUCT_BUNDLE_IDENTIFIER = Raitz.fitnessAppUITests;
				PRODUCT_NAME = "$(TARGET_NAME)";
				SWIFT_VERSION = 4.2;
				TARGETED_DEVICE_FAMILY = "1,2";
				TEST_TARGET_NAME = fitnessApp;
			};
			name = Release;
		};
/* End XCBuildConfiguration section */

/* Begin XCConfigurationList section */
		06F916C92355ABB700D687B7 /* Build configuration list for PBXProject "naturalliApp" */ = {
			isa = XCConfigurationList;
			buildConfigurations = (
				06F916F42355ABB700D687B7 /* Debug */,
				06F916F52355ABB700D687B7 /* Release */,
			);
			defaultConfigurationIsVisible = 0;
			defaultConfigurationName = Release;
		};
		06F916F62355ABB700D687B7 /* Build configuration list for PBXNativeTarget "naturalliApp" */ = {
			isa = XCConfigurationList;
			buildConfigurations = (
				06F916F72355ABB700D687B7 /* Debug */,
				06F916F82355ABB700D687B7 /* Release */,
			);
			defaultConfigurationIsVisible = 0;
			defaultConfigurationName = Release;
		};
		06F916F92355ABB700D687B7 /* Build configuration list for PBXNativeTarget "naturalliAppTests" */ = {
			isa = XCConfigurationList;
			buildConfigurations = (
				06F916FA2355ABB700D687B7 /* Debug */,
				06F916FB2355ABB700D687B7 /* Release */,
			);
			defaultConfigurationIsVisible = 0;
			defaultConfigurationName = Release;
		};
		06F916FC2355ABB700D687B7 /* Build configuration list for PBXNativeTarget "naturalliAppUITests" */ = {
			isa = XCConfigurationList;
			buildConfigurations = (
				06F916FD2355ABB700D687B7 /* Debug */,
				06F916FE2355ABB700D687B7 /* Release */,
			);
			defaultConfigurationIsVisible = 0;
			defaultConfigurationName = Release;
		};
/* End XCConfigurationList section */
	};
	rootObject = 06F916C62355ABB700D687B7 /* Project object */;
}
